github.com/dgrijalva/jwt-go v3.2.0+incompatible h1:7qlOGliEKZXTDg6OTjfoBKDXWrumCAMpl/TFQ4/5kLM=
github.com/dgrijalva/jwt-go v3.2.0+incompatible/go.mod h1:E3ru+11k8xSBh+hMPgOLZmtrrCbhqsmaPHjLKYnJCaQ=
github.com/gbrlsnchs/jwt/v3 v3.0.0-beta.1 h1:EzDjxMg43q1tA2c0MV3tNbaontnHLplHyFF6M5KiVP0=
github.com/gbrlsnchs/jwt/v3 v3.0.0-beta.1/go.mod h1:0eHX/BVySxPc6SE2mZRoppGq7qcEagxdmQnA3dzork8=
github.com/pascaldekloe/jwt v1.5.0 h1:gQLinMTWbtOVXxhDbxoOIPrV+a01GbiTvs13dLlprV8=
github.com/pascaldekloe/jwt v1.5.0/go.mod h1:qYF2nPEHQyub4Bg8CAOUct0Sttd33LkWyprzicIr6OQ=
golang.org/x/crypto v0.0.0-20190211182817-74369b46fc67 h1:ng3VDlRp5/DHpSWl02R4rM9I+8M2rhmsuLwAMmkLQWE=
golang.org/x/crypto v0.0.0-20190211182817-74369b46fc67/go.mod h1:6SG95UA2DQfeDnfUPMdvaQW0Q7yPrPDi9nlGo2tz2b4=
